
Microsoft Visual Studio Solution File, Format Version 12.00
# Visual Studio Version 17
VisualStudioVersion = 17.5.33530.505
MinimumVisualStudioVersion = 10.0.40219.1
Project("{FAE04EC0-301F-11D3-BF4B-00C04F79EFBC}") = "WebAppOrder", "WebAppOrder.csproj", "{FDC72F8B-9E14-4D09-BB51-2DB9D5328D9D}"
EndProject
Global
	GlobalSection(SolutionConfigurationPlatforms) = preSolution
		Debug|Any CPU = Debug|Any CPU
		Release|Any CPU = Release|Any CPU
	EndGlobalSection
	GlobalSection(ProjectConfigurationPlatforms) = postSolution
		{FDC72F8B-9E14-4D09-BB51-2DB9D5328D9D}.Debug|Any CPU.ActiveCfg = Debug|Any CPU
		{FDC72F8B-9E14-4D09-BB51-2DB9D5328D9D}.Debug|Any CPU.Build.0 = Debug|Any CPU
		{FDC72F8B-9E14-4D09-BB51-2DB9D5328D9D}.Release|Any CPU.ActiveCfg = Release|Any CPU
		{FDC72F8B-9E14-4D09-BB51-2DB9D5328D9D}.Release|Any CPU.Build.0 = Release|Any CPU
	EndGlobalSection
	GlobalSection(SolutionProperties) = preSolution
		HideSolutionNode = FALSE
	EndGlobalSection
	GlobalSection(ExtensibilityGlobals) = postSolution
		SolutionGuid = {85760972-61FD-419A-95CD-96E772461AE3}
	EndGlobalSection
EndGlobal
